
Microsoft Visual Studio Solution File, Format Version 12.00
# Visual Studio Version 17
VisualStudioVersion = 17.14.36705.20
MinimumVisualStudioVersion = 10.0.40219.1
Project("{8BC9CEB8-8B4A-11D0-8D11-00A0C91BC942}") = "DllTest", "DllTest\DllTest.vcxproj", "{769D0FED-800C-4430-A15B-3210E07A758B}"
EndProject
Project("{8BC9CEB8-8B4A-11D0-8D11-00A0C91BC942}") = "ConsoleApplication1", "ConsoleApplication1\ConsoleApplication1.vcxproj", "{47D72BBA-743B-496D-9366-ADCBF4643BBC}"
EndProject
Global
	GlobalSection(SolutionConfigurationPlatforms) = preSolution
		Debug|x64 = Debug|x64
		Debug|x86 = Debug|x86
		Release|x64 = Release|x64
		Release|x86 = Release|x86
	EndGlobalSection
	GlobalSection(ProjectConfigurationPlatforms) = postSolution
		{769D0FED-800C-4430-A15B-3210E07A758B}.Debug|x64.ActiveCfg = Debug|x64
		{769D0FED-800C-4430-A15B-3210E07A758B}.Debug|x64.Build.0 = Debug|x64
		{769D0FED-800C-4430-A15B-3210E07A758B}.Debug|x86.ActiveCfg = Debug|Win32
		{769D0FED-800C-4430-A15B-3210E07A758B}.Debug|x86.Build.0 = Debug|Win32
		{769D0FED-800C-4430-A15B-3210E07A758B}.Release|x64.ActiveCfg = Release|x64
		{769D0FED-800C-4430-A15B-3210E07A758B}.Release|x64.Build.0 = Release|x64
		{769D0FED-800C-4430-A15B-3210E07A758B}.Release|x86.ActiveCfg = Release|Win32
		{769D0FED-800C-4430-A15B-3210E07A758B}.Release|x86.Build.0 = Release|Win32
		{47D72BBA-743B-496D-9366-ADCBF4643BBC}.Debug|x64.ActiveCfg = Debug|x64
		{47D72BBA-743B-496D-9366-ADCBF4643BBC}.Debug|x64.Build.0 = Debug|x64
		{47D72BBA-743B-496D-9366-ADCBF4643BBC}.Debug|x86.ActiveCfg = Debug|Win32
		{47D72BBA-743B-496D-9366-ADCBF4643BBC}.Debug|x86.Build.0 = Debug|Win32
		{47D72BBA-743B-496D-9366-ADCBF4643BBC}.Release|x64.ActiveCfg = Release|x64
		{47D72BBA-743B-496D-9366-ADCBF4643BBC}.Release|x64.Build.0 = Release|x64
		{47D72BBA-743B-496D-9366-ADCBF4643BBC}.Release|x86.ActiveCfg = Release|Win32
		{47D72BBA-743B-496D-9366-ADCBF4643BBC}.Release|x86.Build.0 = Release|Win32
	EndGlobalSection
	GlobalSection(SolutionProperties) = preSolution
		HideSolutionNode = FALSE
	EndGlobalSection
	GlobalSection(ExtensibilityGlobals) = postSolution
		SolutionGuid = {28513A24-95F2-4F7D-A718-7DCB12DCD45B}
	EndGlobalSection
EndGlobal
